// !$*UTF8*$!
{
	archiveVersion = 1;
	classes = {
	};
	objectVersion = 46;
	objects = {

/* Begin PBXBuildFile section */
		9ABEAD291C15BF1B00911456 /* main.m in Sources */ = {isa = PBXBuildFile; fileRef = 9ABEAD281C15BF1B00911456 /* main.m */; };
		9ABEAD2C1C15BF1B00911456 /* AppDelegate.m in Sources */ = {isa = PBXBuildFile; fileRef = 9ABEAD2B1C15BF1B00911456 /* AppDelegate.m */; };
		9ABEAD2F1C15BF1B00911456 /* ViewController.m in Sources */ = {isa = PBXBuildFile; fileRef = 9ABEAD2E1C15BF1B00911456 /* ViewController.m */; };
		9ABEAD321C15BF1B00911456 /* Main.storyboard in Resources */ = {isa = PBXBuildFile; fileRef = 9ABEAD301C15BF1B00911456 /* Main.storyboard */; };
		9ABEAD341C15BF1B00911456 /* Assets.xcassets in Resources */ = {isa = PBXBuildFile; fileRef = 9ABEAD331C15BF1B00911456 /* Assets.xcassets */; };
		9ABEAD371C15BF1B00911456 /* LaunchScreen.storyboard in Resources */ = {isa = PBXBuildFile; fileRef = 9ABEAD351C15BF1B00911456 /* LaunchScreen.storyboard */; };
/* End PBXBuildFile section */

/* Begin PBXFileReference section */
		9ABEAD241C15BF1B00911456 /* Piano.app */ = {isa = PBXFileReference; explicitFileType = wrapper.application; includeInIndex = 0; path = Piano.app; sourceTree = BUILT_PRODUCTS_DIR; };
		9ABEAD281C15BF1B00911456 /* main.m */ = {isa = PBXFileReference; lastKnownFileType = sourcecode.c.objc; path = main.m; sourceTree = "<group>"; };
		9ABEAD2A1C15BF1B00911456 /* AppDelegate.h */ = {isa = PBXFileReference; lastKnownFileType = sourcecode.c.h; path = AppDelegate.h; sourceTree = "<group>"; };
		9ABEAD2B1C15BF1B00911456 /* AppDelegate.m */ = {isa = PBXFileReference; lastKnownFileType = sourcecode.c.objc; path = AppDelegate.m; sourceTree = "<group>"; };
		9ABEAD2D1C15BF1B00911456 /* ViewController.h */ = {isa = PBXFileReference; lastKnownFileType = sourcecode.c.h; path = ViewController.h; sourceTree = "<group>"; };
		9ABEAD2E1C15BF1B00911456 /* ViewController.m */ = {isa = PBXFileReference; lastKnownFileType = sourcecode.c.objc; path = ViewController.m; sourceTree = "<group>"; };
		9ABEAD311C15BF1B00911456 /* Base */ = {isa = PBXFileReference; lastKnownFileType = file.storyboard; name = Base; path = Base.lproj/Main.storyboard; sourceTree = "<group>"; };
		9ABEAD331C15BF1B00911456 /* Assets.xcassets */ = {isa = PBXFileReference; lastKnownFileType = folder.assetcatalog; path = Assets.xcassets; sourceTree = "<group>"; };
		9ABEAD361C15BF1B00911456 /* Base */ = {isa = PBXFileReference; lastKnownFileType = file.storyboard; name = Base; path = Base.lproj/LaunchScreen.storyboard; sourceTree = "<group>"; };
		9ABEAD381C15BF1B00911456 /* Info.plist */ = {isa = PBXFileReference; lastKnownFileType = text.plist.xml; path = Info.plist; sourceTree = "<group>"; };
/* End PBXFileReference section */

/* Begin PBXFrameworksBuildPhase section */
		9ABEAD211C15BF1B00911456 /* Frameworks */ = {
			isa = PBXFrameworksBuildPhase;
			buildActionMask = 2147483647;
			files = (
			);
			runOnlyForDeploymentPostprocessing = 0;
		};
/* End PBXFrameworksBuildPhase section */

/* Begin PBXGroup section */
		9ABEAD1B1C15BF1B00911456 = {
			isa = PBXGroup;
			children = (
				9ABEAD261C15BF1B00911456 /* Piano */,
				9ABEAD251C15BF1B00911456 /* Products */,
			);
			sourceTree = "<group>";
		};
		9ABEAD251C15BF1B00911456 /* Products */ = {
			isa = PBXGroup;
			children = (
				9ABEAD241C15BF1B00911456 /* Piano.app */,
			);
			name = Products;
			sourceTree = "<group>";
		};
		9ABEAD261C15BF1B00911456 /* Piano */ = {
			isa = PBXGroup;
			children = (
				9ABEAD2A1C15BF1B00911456 /* AppDelegate.h */,
				9ABEAD2B1C15BF1B00911456 /* AppDelegate.m */,
				9ABEAD2D1C15BF1B00911456 /* ViewController.h */,
				9ABEAD2E1C15BF1B00911456 /* ViewController.m */,
				9ABEAD301C15BF1B00911456 /* Main.storyboard */,
				9ABEAD331C15BF1B00911456 /* Assets.xcassets */,
				9ABEAD351C15BF1B00911456 /* LaunchScreen.storyboard */,
				9ABEAD381C15BF1B00911456 /* Info.plist */,
				9ABEAD271C15BF1B00911456 /* Supporting Files */,
			);
			path = Piano;
			sourceTree = "<group>";
		};
		9ABEAD271C15BF1B00911456 /* Supporting Files */ = {
			isa = PBXGroup;
			children = (
				9ABEAD281C15BF1B00911456 /* main.m */,
			);
			name = "Supporting Files";
			sourceTree = "<group>";
		};
/* End PBXGroup section */

/* Begin PBXNativeTarget section */
		9ABEAD231C15BF1B00911456 /* Piano */ = {
			isa = PBXNativeTarget;
			buildConfigurationList = 9ABEAD3B1C15BF1B00911456 /* Build configuration list for PBXNativeTarget "Piano" */;
			buildPhases = (
				9ABEAD201C15BF1B00911456 /* Sources */,
				9ABEAD211C15BF1B00911456 /* Frameworks */,
				9ABEAD221C15BF1B00911456 /* Resources */,
			);
			buildRules = (
			);
			dependencies = (
			);
			name = Piano;
			productName = Piano;
			productReference = 9ABEAD241C15BF1B00911456 /* Piano.app */;
			productType = "com.apple.product-type.application";
		};
/* End PBXNativeTarget section */

/* Begin PBXProject section */
		9ABEAD1C1C15BF1B00911456 /* Project object */ = {
			isa = PBXProject;
			attributes = {
				LastUpgradeCheck = 0710;
				ORGANIZATIONNAME = noriaki.sakai;
				TargetAttributes = {
					9ABEAD231C15BF1B00911456 = {
						CreatedOnToolsVersion = 7.1.1;
					};
				};
			};
			buildConfigurationList = 9ABEAD1F1C15BF1B00911456 /* Build configuration list for PBXProject "Piano" */;
			compatibilityVersion = "Xcode 3.2";
			developmentRegion = English;
			hasScannedForEncodings = 0;
			knownRegions = (
				en,
				Base,
			);
			mainGroup = 9ABEAD1B1C15BF1B00911456;
			productRefGroup = 9ABEAD251C15BF1B00911456 /* Products */;
			projectDirPath = "";
			projectRoot = "";
			targets = (
				9ABEAD231C15BF1B00911456 /* Piano */,
			);
		};
/* End PBXProject section */

/* Begin PBXResourcesBuildPhase section */
		9ABEAD221C15BF1B00911456 /* Resources */ = {
			isa = PBXResourcesBuildPhase;
			buildActionMask = 2147483647;
			files = (
				9ABEAD371C15BF1B00911456 /* LaunchScreen.storyboard in Resources */,
				9ABEAD341C15BF1B00911456 /* Assets.xcassets in Resources */,
				9ABEAD321C15BF1B00911456 /* Main.storyboard in Resources */,
			);
			runOnlyForDeploymentPostprocessing = 0;
		};
/* End PBXResourcesBuildPhase section */

/* Begin PBXSourcesBuildPhase section */
		9ABEAD201C15BF1B00911456 /* Sources */ = {
			isa = PBXSourcesBuildPhase;
			buildActionMask = 2147483647;
			files = (
				9ABEAD2F1C15BF1B00911456 /* ViewController.m in Sources */,
				9ABEAD2C1C15BF1B00911456 /* AppDelegate.m in Sources */,
				9ABEAD291C15BF1B00911456 /* main.m in Sources */,
			);
			runOnlyForDeploymentPostprocessing = 0;
		};
/* End PBXSourcesBuildPhase section */

/* Begin PBXVariantGroup section */
		9ABEAD301C15BF1B00911456 /* Main.storyboard */ = {
			isa = PBXVariantGroup;
			children = (
				9ABEAD311C15BF1B00911456 /* Base */,
			);
			name = Main.storyboard;
			sourceTree = "<group>";
		};
		9ABEAD351C15BF1B00911456 /* LaunchScreen.storyboard */ = {
			isa = PBXVariantGroup;
			children = (
				9ABEAD361C15BF1B00911456 /* Base */,
			);
			name = LaunchScreen.storyboard;
			sourceTree = "<group>";
		};
/* End PBXVariantGroup section */

/* Begin XCBuildConfiguration section */
		9ABEAD391C15BF1B00911456 /* Debug */ = {
			isa = XCBuildConfiguration;
			buildSettings = {
				ALWAYS_SEARCH_USER_PATHS = NO;
				CLANG_CXX_LANGUAGE_STANDARD = "gnu++0x";
				CLANG_CXX_LIBRARY = "libc++";
				CLANG_ENABLE_MODULES = YES;
				CLANG_ENABLE_OBJC_ARC = YES;
				CLANG_WARN_BOOL_CONVERSION = YES;
				CLANG_WARN_CONSTANT_CONVERSION = YES;
				CLANG_WARN_DIRECT_OBJC_ISA_USAGE = YES_ERROR;
				CLANG_WARN_EMPTY_BODY = YES;
				CLANG_WARN_ENUM_CONVERSION = YES;
				CLANG_WARN_INT_CONVERSION = YES;
				CLANG_WARN_OBJC_ROOT_CLASS = YES_ERROR;
				CLANG_WARN_UNREACHABLE_CODE = YES;
				CLANG_WARN__DUPLICATE_METHOD_MATCH = YES;
				"CODE_SIGN_IDENTITY[sdk=iphoneos*]" = "iPhone Developer";
				COPY_PHASE_STRIP = NO;
				DEBUG_INFORMATION_FORMAT = dwarf;
				ENABLE_STRICT_OBJC_MSGSEND = YES;
				ENABLE_TESTABILITY = YES;
				GCC_C_LANGUAGE_STANDARD = gnu99;
				GCC_DYNAMIC_NO_PIC = NO;
				GCC_NO_COMMON_BLOCKS = YES;
				GCC_OPTIMIZATION_LEVEL = 0;
				GCC_PREPROCESSOR_DEFINITIONS = (
					"DEBUG=1",
					"$(inherited)",
				);
				GCC_WARN_64_TO_32_BIT_CONVERSION = YES;
				GCC_WARN_ABOUT_RETURN_TYPE = YES_ERROR;
				GCC_WARN_UNDECLARED_SELECTOR = YES;
				GCC_WARN_UNINITIALIZED_AUTOS = YES_AGGRESSIVE;
				GCC_WARN_UNUSED_FUNCTION = YES;
				GCC_WARN_UNUSED_VARIABLE = YES;
				IPHONEOS_DEPLOYMENT_TARGET = 9.1;
				MTL_ENABLE_DEBUG_INFO = YES;
				ONLY_ACTIVE_ARCH = YES;
				SDKROOT = iphoneos;
			};
			name = Debug;
		};
		9ABEAD3A1C15BF1B00911456 /* Release */ = {
			isa = XCBuildConfiguration;
			buildSettings = {
				ALWAYS_SEARCH_USER_PATHS = NO;
				CLANG_CXX_LANGUAGE_STANDARD = "gnu++0x";
				CLANG_CXX_LIBRARY = "libc++";
				CLANG_ENABLE_MODULES = YES;
				CLANG_ENABLE_OBJC_ARC = YES;
				CLANG_WARN_BOOL_CONVERSION = YES;
				CLANG_WARN_CONSTANT_CONVERSION = YES;
				CLANG_WARN_DIRECT_OBJC_ISA_USAGE = YES_ERROR;
				CLANG_WARN_EMPTY_BODY = YES;
				CLANG_WARN_ENUM_CONVERSION = YES;
				CLANG_WARN_INT_CONVERSION = YES;
				CLANG_WARN_OBJC_ROOT_CLASS = YES_ERROR;
				CLANG_WARN_UNREACHABLE_CODE = YES;
				CLANG_WARN__DUPLICATE_METHOD_MATCH = YES;
				"CODE_SIGN_IDENTITY[sdk=iphoneos*]" = "iPhone Developer";
				COPY_PHASE_STRIP = NO;
				DEBUG_INFORMATION_FORMAT = "dwarf-with-dsym";
				ENABLE_NS_ASSERTIONS = NO;
				ENABLE_STRICT_OBJC_MSGSEND = YES;
				GCC_C_LANGUAGE_STANDARD = gnu99;
				GCC_NO_COMMON_BLOCKS = YES;
				GCC_WARN_64_TO_32_BIT_CONVERSION = YES;
				GCC_WARN_ABOUT_RETURN_TYPE = YES_ERROR;
				GCC_WARN_UNDECLARED_SELECTOR = YES;
				GCC_WARN_UNINITIALIZED_AUTOS = YES_AGGRESSIVE;
				GCC_WARN_UNUSED_FUNCTION = YES;
				GCC_WARN_UNUSED_VARIABLE = YES;
				IPHONEOS_DEPLOYMENT_TARGET = 9.1;
				MTL_ENABLE_DEBUG_INFO = NO;
				SDKROOT = iphoneos;
				VALIDATE_PRODUCT = YES;
			};
			name = Release;
		};
		9ABEAD3C1C15BF1B00911456 /* Debug */ = {
			isa = XCBuildConfiguration;
			buildSettings = {
				ASSETCATALOG_COMPILER_APPICON_NAME = AppIcon;
				INFOPLIST_FILE = Piano/Info.plist;
				LD_RUNPATH_SEARCH_PATHS = "$(inherited) @executable_path/Frameworks";
				PRODUCT_BUNDLE_IDENTIFIER = jp.techacademy.Piano;
				PRODUCT_NAME = "$(TARGET_NAME)";
			};
			name = Debug;
		};
		9ABEAD3D1C15BF1B00911456 /* Release */ = {
			isa = XCBuildConfiguration;
			buildSettings = {
				ASSETCATALOG_COMPILER_APPICON_NAME = AppIcon;
				INFOPLIST_FILE = Piano/Info.plist;
				LD_RUNPATH_SEARCH_PATHS = "$(inherited) @executable_path/Frameworks";
				PRODUCT_BUNDLE_IDENTIFIER = jp.techacademy.Piano;
				PRODUCT_NAME = "$(TARGET_NAME)";
			};
			name = Release;
		};
/* End XCBuildConfiguration section */

/* Begin XCConfigurationList section */
		9ABEAD1F1C15BF1B00911456 /* Build configuration list for PBXProject "Piano" */ = {
			isa = XCConfigurationList;
			buildConfigurations = (
				9ABEAD391C15BF1B00911456 /* Debug */,
				9ABEAD3A1C15BF1B00911456 /* Release */,
			);
			defaultConfigurationIsVisible = 0;
			defaultConfigurationName = Release;
		};
		9ABEAD3B1C15BF1B00911456 /* Build configuration list for PBXNativeTarget "Piano" */ = {
			isa = XCConfigurationList;
			buildConfigurations = (
				9ABEAD3C1C15BF1B00911456 /* Debug */,
				9ABEAD3D1C15BF1B00911456 /* Release */,
			);
			defaultConfigurationIsVisible = 0;
		};
/* End XCConfigurationList section */
	};
	rootObject = 9ABEAD1C1C15BF1B00911456 /* Project object */;
}
